
Microsoft Visual Studio Solution File, Format Version 12.00
# Visual Studio 14
VisualStudioVersion = 14.0.25420.1
MinimumVisualStudioVersion = 10.0.40219.1
Project("{FAE04EC0-301F-11D3-BF4B-00C04F79EFBC}") = "CodeFirstNewDatabaseSample", "CodeFirstNewDatabaseSample\CodeFirstNewDatabaseSample.csproj", "{7DFCAD5D-FFAD-494A-A439-0E4D59FDD869}"
EndProject
Project("{FAE04EC0-301F-11D3-BF4B-00C04F79EFBC}") = "Sudent", "Sudent\Sudent.csproj", "{FF3B423C-AF2E-480F-AEB9-5A12B6CB65B5}"
EndProject
Project("{FAE04EC0-301F-11D3-BF4B-00C04F79EFBC}") = "ConsoleApplication3", "ConsoleApplication3\ConsoleApplication3.csproj", "{73021967-CCC2-4495-B74E-3E906C78C6CB}"
EndProject
Global
	GlobalSection(SolutionConfigurationPlatforms) = preSolution
		Debug|Any CPU = Debug|Any CPU
		Release|Any CPU = Release|Any CPU
	EndGlobalSection
	GlobalSection(ProjectConfigurationPlatforms) = postSolution
		{7DFCAD5D-FFAD-494A-A439-0E4D59FDD869}.Debug|Any CPU.ActiveCfg = Debug|Any CPU
		{7DFCAD5D-FFAD-494A-A439-0E4D59FDD869}.Debug|Any CPU.Build.0 = Debug|Any CPU
		{7DFCAD5D-FFAD-494A-A439-0E4D59FDD869}.Release|Any CPU.ActiveCfg = Release|Any CPU
		{7DFCAD5D-FFAD-494A-A439-0E4D59FDD869}.Release|Any CPU.Build.0 = Release|Any CPU
		{FF3B423C-AF2E-480F-AEB9-5A12B6CB65B5}.Debug|Any CPU.ActiveCfg = Debug|Any CPU
		{FF3B423C-AF2E-480F-AEB9-5A12B6CB65B5}.Debug|Any CPU.Build.0 = Debug|Any CPU
		{FF3B423C-AF2E-480F-AEB9-5A12B6CB65B5}.Release|Any CPU.ActiveCfg = Release|Any CPU
		{FF3B423C-AF2E-480F-AEB9-5A12B6CB65B5}.Release|Any CPU.Build.0 = Release|Any CPU
		{73021967-CCC2-4495-B74E-3E906C78C6CB}.Debug|Any CPU.ActiveCfg = Debug|Any CPU
		{73021967-CCC2-4495-B74E-3E906C78C6CB}.Debug|Any CPU.Build.0 = Debug|Any CPU
		{73021967-CCC2-4495-B74E-3E906C78C6CB}.Release|Any CPU.ActiveCfg = Release|Any CPU
		{73021967-CCC2-4495-B74E-3E906C78C6CB}.Release|Any CPU.Build.0 = Release|Any CPU
	EndGlobalSection
	GlobalSection(SolutionProperties) = preSolution
		HideSolutionNode = FALSE
	EndGlobalSection
EndGlobal
